// !$*UTF8*$!
{
	archiveVersion = 1;
	classes = {
	};
	objectVersion = 56;
	objects = {

/* Begin PBXBuildFile section */
		21D0B3112BA837D400178C0C /* AppDelegate.swift in Sources */ = {isa = PBXBuildFile; fileRef = 21D0B3102BA837D400178C0C /* AppDelegate.swift */; };
		21D0B3132BA837D500178C0C /* SceneDelegate.swift in Sources */ = {isa = PBXBuildFile; fileRef = 21D0B3122BA837D500178C0C /* SceneDelegate.swift */; };
		21D0B3152BA837D500178C0C /* ViewController.swift in Sources */ = {isa = PBXBuildFile; fileRef = 21D0B3142BA837D500178C0C /* ViewController.swift */; };
		21D0B3182BA837D500178C0C /* Main.storyboard in Resources */ = {isa = PBXBuildFile; fileRef = 21D0B3162BA837D500178C0C /* Main.storyboard */; };
		21D0B31A2BA837D800178C0C /* Assets.xcassets in Resources */ = {isa = PBXBuildFile; fileRef = 21D0B3192BA837D800178C0C /* Assets.xcassets */; };
		21D0B31D2BA837D800178C0C /* LaunchScreen.storyboard in Resources */ = {isa = PBXBuildFile; fileRef = 21D0B31B2BA837D800178C0C /* LaunchScreen.storyboard */; };
		21D0B32F2BA83EE200178C0C /* OptionTableViewCell.swift in Sources */ = {isa = PBXBuildFile; fileRef = 21D0B32D2BA83EE200178C0C /* OptionTableViewCell.swift */; };
		21D0B3302BA83EE200178C0C /* OptionTableViewCell.xib in Resources */ = {isa = PBXBuildFile; fileRef = 21D0B32E2BA83EE200178C0C /* OptionTableViewCell.xib */; };
		21D0B3332BA8458C00178C0C /* Options.swift in Sources */ = {isa = PBXBuildFile; fileRef = 21D0B3322BA8458C00178C0C /* Options.swift */; };
		21D0B3382BA846E600178C0C /* HomeVC.swift in Sources */ = {isa = PBXBuildFile; fileRef = 21D0B3362BA846E600178C0C /* HomeVC.swift */; };
		21D0B3392BA846E600178C0C /* HomeVC.xib in Resources */ = {isa = PBXBuildFile; fileRef = 21D0B3372BA846E600178C0C /* HomeVC.xib */; };
		21D0B33D2BA8522E00178C0C /* SettingsVC.swift in Sources */ = {isa = PBXBuildFile; fileRef = 21D0B33B2BA8522E00178C0C /* SettingsVC.swift */; };
		21D0B33E2BA8522E00178C0C /* SettingsVC.xib in Resources */ = {isa = PBXBuildFile; fileRef = 21D0B33C2BA8522E00178C0C /* SettingsVC.xib */; };
		21D0B3422BA85E7E00178C0C /* ProfileVC.swift in Sources */ = {isa = PBXBuildFile; fileRef = 21D0B3402BA85E7E00178C0C /* ProfileVC.swift */; };
		21D0B3432BA85E7E00178C0C /* ProfileVC.xib in Resources */ = {isa = PBXBuildFile; fileRef = 21D0B3412BA85E7E00178C0C /* ProfileVC.xib */; };
		21D0B3482BA9826A00178C0C /* CustomProtocol.swift in Sources */ = {isa = PBXBuildFile; fileRef = 21D0B3472BA9826A00178C0C /* CustomProtocol.swift */; };
/* End PBXBuildFile section */

/* Begin PBXFileReference section */
		21D0B30D2BA837D400178C0C /* CustomSideMenu.app */ = {isa = PBXFileReference; explicitFileType = wrapper.application; includeInIndex = 0; path = CustomSideMenu.app; sourceTree = BUILT_PRODUCTS_DIR; };
		21D0B3102BA837D400178C0C /* AppDelegate.swift */ = {isa = PBXFileReference; lastKnownFileType = sourcecode.swift; path = AppDelegate.swift; sourceTree = "<group>"; };
		21D0B3122BA837D500178C0C /* SceneDelegate.swift */ = {isa = PBXFileReference; lastKnownFileType = sourcecode.swift; path = SceneDelegate.swift; sourceTree = "<group>"; };
		21D0B3142BA837D500178C0C /* ViewController.swift */ = {isa = PBXFileReference; lastKnownFileType = sourcecode.swift; path = ViewController.swift; sourceTree = "<group>"; };
		21D0B3172BA837D500178C0C /* Base */ = {isa = PBXFileReference; lastKnownFileType = file.storyboard; name = Base; path = Base.lproj/Main.storyboard; sourceTree = "<group>"; };
		21D0B3192BA837D800178C0C /* Assets.xcassets */ = {isa = PBXFileReference; lastKnownFileType = folder.assetcatalog; path = Assets.xcassets; sourceTree = "<group>"; };
		21D0B31C2BA837D800178C0C /* Base */ = {isa = PBXFileReference; lastKnownFileType = file.storyboard; name = Base; path = Base.lproj/LaunchScreen.storyboard; sourceTree = "<group>"; };
		21D0B31E2BA837D800178C0C /* Info.plist */ = {isa = PBXFileReference; lastKnownFileType = text.plist.xml; path = Info.plist; sourceTree = "<group>"; };
		21D0B32D2BA83EE200178C0C /* OptionTableViewCell.swift */ = {isa = PBXFileReference; lastKnownFileType = sourcecode.swift; path = OptionTableViewCell.swift; sourceTree = "<group>"; };
		21D0B32E2BA83EE200178C0C /* OptionTableViewCell.xib */ = {isa = PBXFileReference; lastKnownFileType = file.xib; path = OptionTableViewCell.xib; sourceTree = "<group>"; };
		21D0B3322BA8458C00178C0C /* Options.swift */ = {isa = PBXFileReference; lastKnownFileType = sourcecode.swift; path = Options.swift; sourceTree = "<group>"; };
		21D0B3362BA846E600178C0C /* HomeVC.swift */ = {isa = PBXFileReference; lastKnownFileType = sourcecode.swift; path = HomeVC.swift; sourceTree = "<group>"; };
		21D0B3372BA846E600178C0C /* HomeVC.xib */ = {isa = PBXFileReference; lastKnownFileType = file.xib; path = HomeVC.xib; sourceTree = "<group>"; };
		21D0B33B2BA8522E00178C0C /* SettingsVC.swift */ = {isa = PBXFileReference; lastKnownFileType = sourcecode.swift; path = SettingsVC.swift; sourceTree = "<group>"; };
		21D0B33C2BA8522E00178C0C /* SettingsVC.xib */ = {isa = PBXFileReference; lastKnownFileType = file.xib; path = SettingsVC.xib; sourceTree = "<group>"; };
		21D0B3402BA85E7E00178C0C /* ProfileVC.swift */ = {isa = PBXFileReference; lastKnownFileType = sourcecode.swift; path = ProfileVC.swift; sourceTree = "<group>"; };
		21D0B3412BA85E7E00178C0C /* ProfileVC.xib */ = {isa = PBXFileReference; lastKnownFileType = file.xib; path = ProfileVC.xib; sourceTree = "<group>"; };
		21D0B3472BA9826A00178C0C /* CustomProtocol.swift */ = {isa = PBXFileReference; lastKnownFileType = sourcecode.swift; path = CustomProtocol.swift; sourceTree = "<group>"; };
/* End PBXFileReference section */

/* Begin PBXFrameworksBuildPhase section */
		21D0B30A2BA837D400178C0C /* Frameworks */ = {
			isa = PBXFrameworksBuildPhase;
			buildActionMask = 2147483647;
			files = (
			);
			runOnlyForDeploymentPostprocessing = 0;
		};
/* End PBXFrameworksBuildPhase section */

/* Begin PBXGroup section */
		21D0B3042BA837D400178C0C = {
			isa = PBXGroup;
			children = (
				21D0B30F2BA837D400178C0C /* CustomSideMenu */,
				21D0B30E2BA837D400178C0C /* Products */,
			);
			sourceTree = "<group>";
		};
		21D0B30E2BA837D400178C0C /* Products */ = {
			isa = PBXGroup;
			children = (
				21D0B30D2BA837D400178C0C /* CustomSideMenu.app */,
			);
			name = Products;
			sourceTree = "<group>";
		};
		21D0B30F2BA837D400178C0C /* CustomSideMenu */ = {
			isa = PBXGroup;
			children = (
				21D0B3462BA9825200178C0C /* Utilites */,
				21D0B3262BA8391B00178C0C /* StoryBoards */,
				21D0B3252BA8390F00178C0C /* Scenes */,
				21D0B3242BA8390600178C0C /* Core */,
				21D0B3192BA837D800178C0C /* Assets.xcassets */,
				21D0B31B2BA837D800178C0C /* LaunchScreen.storyboard */,
				21D0B31E2BA837D800178C0C /* Info.plist */,
			);
			path = CustomSideMenu;
			sourceTree = "<group>";
		};
		21D0B3242BA8390600178C0C /* Core */ = {
			isa = PBXGroup;
			children = (
				21D0B3102BA837D400178C0C /* AppDelegate.swift */,
				21D0B3122BA837D500178C0C /* SceneDelegate.swift */,
			);
			path = Core;
			sourceTree = "<group>";
		};
		21D0B3252BA8390F00178C0C /* Scenes */ = {
			isa = PBXGroup;
			children = (
				21D0B33F2BA85E5300178C0C /* Profile */,
				21D0B33A2BA8521300178C0C /* SettingsVC */,
				21D0B3342BA846AB00178C0C /* HomeVC */,
				21D0B3272BA8392B00178C0C /* SideMenu */,
			);
			path = Scenes;
			sourceTree = "<group>";
		};
		21D0B3262BA8391B00178C0C /* StoryBoards */ = {
			isa = PBXGroup;
			children = (
				21D0B3162BA837D500178C0C /* Main.storyboard */,
			);
			path = StoryBoards;
			sourceTree = "<group>";
		};
		21D0B3272BA8392B00178C0C /* SideMenu */ = {
			isa = PBXGroup;
			children = (
				21D0B3312BA8457E00178C0C /* Options */,
				21D0B32C2BA83EC500178C0C /* Cells */,
				21D0B3282BA8394300178C0C /* View */,
			);
			path = SideMenu;
			sourceTree = "<group>";
		};
		21D0B3282BA8394300178C0C /* View */ = {
			isa = PBXGroup;
			children = (
				21D0B3142BA837D500178C0C /* ViewController.swift */,
			);
			path = View;
			sourceTree = "<group>";
		};
		21D0B32C2BA83EC500178C0C /* Cells */ = {
			isa = PBXGroup;
			children = (
				21D0B32D2BA83EE200178C0C /* OptionTableViewCell.swift */,
				21D0B32E2BA83EE200178C0C /* OptionTableViewCell.xib */,
			);
			path = Cells;
			sourceTree = "<group>";
		};
		21D0B3312BA8457E00178C0C /* Options */ = {
			isa = PBXGroup;
			children = (
				21D0B3322BA8458C00178C0C /* Options.swift */,
			);
			path = Options;
			sourceTree = "<group>";
		};
		21D0B3342BA846AB00178C0C /* HomeVC */ = {
			isa = PBXGroup;
			children = (
				21D0B3352BA846D000178C0C /* View */,
			);
			path = HomeVC;
			sourceTree = "<group>";
		};
		21D0B3352BA846D000178C0C /* View */ = {
			isa = PBXGroup;
			children = (
				21D0B3362BA846E600178C0C /* HomeVC.swift */,
				21D0B3372BA846E600178C0C /* HomeVC.xib */,
			);
			path = View;
			sourceTree = "<group>";
		};
		21D0B33A2BA8521300178C0C /* SettingsVC */ = {
			isa = PBXGroup;
			children = (
				21D0B33B2BA8522E00178C0C /* SettingsVC.swift */,
				21D0B33C2BA8522E00178C0C /* SettingsVC.xib */,
			);
			path = SettingsVC;
			sourceTree = "<group>";
		};
		21D0B33F2BA85E5300178C0C /* Profile */ = {
			isa = PBXGroup;
			children = (
				21D0B3402BA85E7E00178C0C /* ProfileVC.swift */,
				21D0B3412BA85E7E00178C0C /* ProfileVC.xib */,
			);
			path = Profile;
			sourceTree = "<group>";
		};
		21D0B3462BA9825200178C0C /* Utilites */ = {
			isa = PBXGroup;
			children = (
				21D0B34A2BAD0B4000178C0C /* Protocols */,
			);
			path = Utilites;
			sourceTree = "<group>";
		};
		21D0B34A2BAD0B4000178C0C /* Protocols */ = {
			isa = PBXGroup;
			children = (
				21D0B3472BA9826A00178C0C /* CustomProtocol.swift */,
			);
			path = Protocols;
			sourceTree = "<group>";
		};
/* End PBXGroup section */

/* Begin PBXNativeTarget section */
		21D0B30C2BA837D400178C0C /* CustomSideMenu */ = {
			isa = PBXNativeTarget;
			buildConfigurationList = 21D0B3212BA837D800178C0C /* Build configuration list for PBXNativeTarget "CustomSideMenu" */;
			buildPhases = (
				21D0B3092BA837D400178C0C /* Sources */,
				21D0B30A2BA837D400178C0C /* Frameworks */,
				21D0B30B2BA837D400178C0C /* Resources */,
			);
			buildRules = (
			);
			dependencies = (
			);
			name = CustomSideMenu;
			productName = CustomSideMenu;
			productReference = 21D0B30D2BA837D400178C0C /* CustomSideMenu.app */;
			productType = "com.apple.product-type.application";
		};
/* End PBXNativeTarget section */

/* Begin PBXProject section */
		21D0B3052BA837D400178C0C /* Project object */ = {
			isa = PBXProject;
			attributes = {
				BuildIndependentTargetsInParallel = 1;
				LastSwiftUpdateCheck = 1520;
				LastUpgradeCheck = 1520;
				TargetAttributes = {
					21D0B30C2BA837D400178C0C = {
						CreatedOnToolsVersion = 15.2;
					};
				};
			};
			buildConfigurationList = 21D0B3082BA837D400178C0C /* Build configuration list for PBXProject "CustomSideMenu" */;
			compatibilityVersion = "Xcode 14.0";
			developmentRegion = en;
			hasScannedForEncodings = 0;
			knownRegions = (
				en,
				Base,
			);
			mainGroup = 21D0B3042BA837D400178C0C;
			productRefGroup = 21D0B30E2BA837D400178C0C /* Products */;
			projectDirPath = "";
			projectRoot = "";
			targets = (
				21D0B30C2BA837D400178C0C /* CustomSideMenu */,
			);
		};
/* End PBXProject section */

/* Begin PBXResourcesBuildPhase section */
		21D0B30B2BA837D400178C0C /* Resources */ = {
			isa = PBXResourcesBuildPhase;
			buildActionMask = 2147483647;
			files = (
				21D0B3302BA83EE200178C0C /* OptionTableViewCell.xib in Resources */,
				21D0B31D2BA837D800178C0C /* LaunchScreen.storyboard in Resources */,
				21D0B3392BA846E600178C0C /* HomeVC.xib in Resources */,
				21D0B33E2BA8522E00178C0C /* SettingsVC.xib in Resources */,
				21D0B3432BA85E7E00178C0C /* ProfileVC.xib in Resources */,
				21D0B31A2BA837D800178C0C /* Assets.xcassets in Resources */,
				21D0B3182BA837D500178C0C /* Main.storyboard in Resources */,
			);
			runOnlyForDeploymentPostprocessing = 0;
		};
/* End PBXResourcesBuildPhase section */

/* Begin PBXSourcesBuildPhase section */
		21D0B3092BA837D400178C0C /* Sources */ = {
			isa = PBXSourcesBuildPhase;
			buildActionMask = 2147483647;
			files = (
				21D0B3152BA837D500178C0C /* ViewController.swift in Sources */,
				21D0B3112BA837D400178C0C /* AppDelegate.swift in Sources */,
				21D0B32F2BA83EE200178C0C /* OptionTableViewCell.swift in Sources */,
				21D0B3382BA846E600178C0C /* HomeVC.swift in Sources */,
				21D0B3482BA9826A00178C0C /* CustomProtocol.swift in Sources */,
				21D0B3422BA85E7E00178C0C /* ProfileVC.swift in Sources */,
				21D0B3332BA8458C00178C0C /* Options.swift in Sources */,
				21D0B3132BA837D500178C0C /* SceneDelegate.swift in Sources */,
				21D0B33D2BA8522E00178C0C /* SettingsVC.swift in Sources */,
			);
			runOnlyForDeploymentPostprocessing = 0;
		};
/* End PBXSourcesBuildPhase section */

/* Begin PBXVariantGroup section */
		21D0B3162BA837D500178C0C /* Main.storyboard */ = {
			isa = PBXVariantGroup;
			children = (
				21D0B3172BA837D500178C0C /* Base */,
			);
			name = Main.storyboard;
			sourceTree = "<group>";
		};
		21D0B31B2BA837D800178C0C /* LaunchScreen.storyboard */ = {
			isa = PBXVariantGroup;
			children = (
				21D0B31C2BA837D800178C0C /* Base */,
			);
			name = LaunchScreen.storyboard;
			sourceTree = "<group>";
		};
/* End PBXVariantGroup section */

/* Begin XCBuildConfiguration section */
		21D0B31F2BA837D800178C0C /* Debug */ = {
			isa = XCBuildConfiguration;
			buildSettings = {
				ALWAYS_SEARCH_USER_PATHS = NO;
				ASSETCATALOG_COMPILER_GENERATE_SWIFT_ASSET_SYMBOL_EXTENSIONS = YES;
				CLANG_ANALYZER_NONNULL = YES;
				CLANG_ANALYZER_NUMBER_OBJECT_CONVERSION = YES_AGGRESSIVE;
				CLANG_CXX_LANGUAGE_STANDARD = "gnu++20";
				CLANG_ENABLE_MODULES = YES;
				CLANG_ENABLE_OBJC_ARC = YES;
				CLANG_ENABLE_OBJC_WEAK = YES;
				CLANG_WARN_BLOCK_CAPTURE_AUTORELEASING = YES;
				CLANG_WARN_BOOL_CONVERSION = YES;
				CLANG_WARN_COMMA = YES;
				CLANG_WARN_CONSTANT_CONVERSION = YES;
				CLANG_WARN_DEPRECATED_OBJC_IMPLEMENTATIONS = YES;
				CLANG_WARN_DIRECT_OBJC_ISA_USAGE = YES_ERROR;
				CLANG_WARN_DOCUMENTATION_COMMENTS = YES;
				CLANG_WARN_EMPTY_BODY = YES;
				CLANG_WARN_ENUM_CONVERSION = YES;
				CLANG_WARN_INFINITE_RECURSION = YES;
				CLANG_WARN_INT_CONVERSION = YES;
				CLANG_WARN_NON_LITERAL_NULL_CONVERSION = YES;
				CLANG_WARN_OBJC_IMPLICIT_RETAIN_SELF = YES;
				CLANG_WARN_OBJC_LITERAL_CONVERSION = YES;
				CLANG_WARN_OBJC_ROOT_CLASS = YES_ERROR;
				CLANG_WARN_QUOTED_INCLUDE_IN_FRAMEWORK_HEADER = YES;
				CLANG_WARN_RANGE_LOOP_ANALYSIS = YES;
				CLANG_WARN_STRICT_PROTOTYPES = YES;
				CLANG_WARN_SUSPICIOUS_MOVE = YES;
				CLANG_WARN_UNGUARDED_AVAILABILITY = YES_AGGRESSIVE;
				CLANG_WARN_UNREACHABLE_CODE = YES;
				CLANG_WARN__DUPLICATE_METHOD_MATCH = YES;
				COPY_PHASE_STRIP = NO;
				DEBUG_INFORMATION_FORMAT = dwarf;
				ENABLE_STRICT_OBJC_MSGSEND = YES;
				ENABLE_TESTABILITY = YES;
				ENABLE_USER_SCRIPT_SANDBOXING = YES;
				GCC_C_LANGUAGE_STANDARD = gnu17;
				GCC_DYNAMIC_NO_PIC = NO;
				GCC_NO_COMMON_BLOCKS = YES;
				GCC_OPTIMIZATION_LEVEL = 0;
				GCC_PREPROCESSOR_DEFINITIONS = (
					"DEBUG=1",
					"$(inherited)",
				);
				GCC_WARN_64_TO_32_BIT_CONVERSION = YES;
				GCC_WARN_ABOUT_RETURN_TYPE = YES_ERROR;
				GCC_WARN_UNDECLARED_SELECTOR = YES;
				GCC_WARN_UNINITIALIZED_AUTOS = YES_AGGRESSIVE;
				GCC_WARN_UNUSED_FUNCTION = YES;
				GCC_WARN_UNUSED_VARIABLE = YES;
				IPHONEOS_DEPLOYMENT_TARGET = 14.0;
				LOCALIZATION_PREFERS_STRING_CATALOGS = YES;
				MTL_ENABLE_DEBUG_INFO = INCLUDE_SOURCE;
				MTL_FAST_MATH = YES;
				ONLY_ACTIVE_ARCH = YES;
				SDKROOT = iphoneos;
				SWIFT_ACTIVE_COMPILATION_CONDITIONS = "DEBUG $(inherited)";
				SWIFT_OPTIMIZATION_LEVEL = "-Onone";
			};
			name = Debug;
		};
		21D0B3202BA837D800178C0C /* Release */ = {
			isa = XCBuildConfiguration;
			buildSettings = {
				ALWAYS_SEARCH_USER_PATHS = NO;
				ASSETCATALOG_COMPILER_GENERATE_SWIFT_ASSET_SYMBOL_EXTENSIONS = YES;
				CLANG_ANALYZER_NONNULL = YES;
				CLANG_ANALYZER_NUMBER_OBJECT_CONVERSION = YES_AGGRESSIVE;
				CLANG_CXX_LANGUAGE_STANDARD = "gnu++20";
				CLANG_ENABLE_MODULES = YES;
				CLANG_ENABLE_OBJC_ARC = YES;
				CLANG_ENABLE_OBJC_WEAK = YES;
				CLANG_WARN_BLOCK_CAPTURE_AUTORELEASING = YES;
				CLANG_WARN_BOOL_CONVERSION = YES;
				CLANG_WARN_COMMA = YES;
				CLANG_WARN_CONSTANT_CONVERSION = YES;
				CLANG_WARN_DEPRECATED_OBJC_IMPLEMENTATIONS = YES;
				CLANG_WARN_DIRECT_OBJC_ISA_USAGE = YES_ERROR;
				CLANG_WARN_DOCUMENTATION_COMMENTS = YES;
				CLANG_WARN_EMPTY_BODY = YES;
				CLANG_WARN_ENUM_CONVERSION = YES;
				CLANG_WARN_INFINITE_RECURSION = YES;
				CLANG_WARN_INT_CONVERSION = YES;
				CLANG_WARN_NON_LITERAL_NULL_CONVERSION = YES;
				CLANG_WARN_OBJC_IMPLICIT_RETAIN_SELF = YES;
				CLANG_WARN_OBJC_LITERAL_CONVERSION = YES;
				CLANG_WARN_OBJC_ROOT_CLASS = YES_ERROR;
				CLANG_WARN_QUOTED_INCLUDE_IN_FRAMEWORK_HEADER = YES;
				CLANG_WARN_RANGE_LOOP_ANALYSIS = YES;
				CLANG_WARN_STRICT_PROTOTYPES = YES;
				CLANG_WARN_SUSPICIOUS_MOVE = YES;
				CLANG_WARN_UNGUARDED_AVAILABILITY = YES_AGGRESSIVE;
				CLANG_WARN_UNREACHABLE_CODE = YES;
				CLANG_WARN__DUPLICATE_METHOD_MATCH = YES;
				COPY_PHASE_STRIP = NO;
				DEBUG_INFORMATION_FORMAT = "dwarf-with-dsym";
				ENABLE_NS_ASSERTIONS = NO;
				ENABLE_STRICT_OBJC_MSGSEND = YES;
				ENABLE_USER_SCRIPT_SANDBOXING = YES;
				GCC_C_LANGUAGE_STANDARD = gnu17;
				GCC_NO_COMMON_BLOCKS = YES;
				GCC_WARN_64_TO_32_BIT_CONVERSION = YES;
				GCC_WARN_ABOUT_RETURN_TYPE = YES_ERROR;
				GCC_WARN_UNDECLARED_SELECTOR = YES;
				GCC_WARN_UNINITIALIZED_AUTOS = YES_AGGRESSIVE;
				GCC_WARN_UNUSED_FUNCTION = YES;
				GCC_WARN_UNUSED_VARIABLE = YES;
				IPHONEOS_DEPLOYMENT_TARGET = 14.0;
				LOCALIZATION_PREFERS_STRING_CATALOGS = YES;
				MTL_ENABLE_DEBUG_INFO = NO;
				MTL_FAST_MATH = YES;
				SDKROOT = iphoneos;
				SWIFT_COMPILATION_MODE = wholemodule;
				VALIDATE_PRODUCT = YES;
			};
			name = Release;
		};
		21D0B3222BA837D800178C0C /* Debug */ = {
			isa = XCBuildConfiguration;
			buildSettings = {
				ASSETCATALOG_COMPILER_APPICON_NAME = AppIcon;
				ASSETCATALOG_COMPILER_GLOBAL_ACCENT_COLOR_NAME = AccentColor;
				CODE_SIGN_STYLE = Automatic;
				CURRENT_PROJECT_VERSION = 1;
				DEVELOPMENT_TEAM = NU3L58K3P3;
				GENERATE_INFOPLIST_FILE = YES;
				INFOPLIST_FILE = CustomSideMenu/Info.plist;
				INFOPLIST_KEY_UIApplicationSupportsIndirectInputEvents = YES;
				INFOPLIST_KEY_UILaunchStoryboardName = LaunchScreen;
				INFOPLIST_KEY_UIMainStoryboardFile = Main;
				INFOPLIST_KEY_UISupportedInterfaceOrientations_iPad = "UIInterfaceOrientationPortrait UIInterfaceOrientationPortraitUpsideDown UIInterfaceOrientationLandscapeLeft UIInterfaceOrientationLandscapeRight";
				INFOPLIST_KEY_UISupportedInterfaceOrientations_iPhone = "UIInterfaceOrientationPortrait UIInterfaceOrientationLandscapeLeft UIInterfaceOrientationLandscapeRight";
				IPHONEOS_DEPLOYMENT_TARGET = 14.0;
				LD_RUNPATH_SEARCH_PATHS = (
					"$(inherited)",
					"@executable_path/Frameworks",
				);
				MARKETING_VERSION = 1.0;
				PRODUCT_BUNDLE_IDENTIFIER = com.ios.CustomSideMenu;
				PRODUCT_NAME = "$(TARGET_NAME)";
				SUPPORTED_PLATFORMS = "iphoneos iphonesimulator";
				SUPPORTS_MACCATALYST = NO;
				SUPPORTS_MAC_DESIGNED_FOR_IPHONE_IPAD = NO;
				SUPPORTS_XR_DESIGNED_FOR_IPHONE_IPAD = NO;
				SWIFT_EMIT_LOC_STRINGS = YES;
				SWIFT_VERSION = 5.0;
				TARGETED_DEVICE_FAMILY = "1,2";
			};
			name = Debug;
		};
		21D0B3232BA837D800178C0C /* Release */ = {
			isa = XCBuildConfiguration;
			buildSettings = {
				ASSETCATALOG_COMPILER_APPICON_NAME = AppIcon;
				ASSETCATALOG_COMPILER_GLOBAL_ACCENT_COLOR_NAME = AccentColor;
				CODE_SIGN_STYLE = Automatic;
				CURRENT_PROJECT_VERSION = 1;
				DEVELOPMENT_TEAM = NU3L58K3P3;
				GENERATE_INFOPLIST_FILE = YES;
				INFOPLIST_FILE = CustomSideMenu/Info.plist;
				INFOPLIST_KEY_UIApplicationSupportsIndirectInputEvents = YES;
				INFOPLIST_KEY_UILaunchStoryboardName = LaunchScreen;
				INFOPLIST_KEY_UIMainStoryboardFile = Main;
				INFOPLIST_KEY_UISupportedInterfaceOrientations_iPad = "UIInterfaceOrientationPortrait UIInterfaceOrientationPortraitUpsideDown UIInterfaceOrientationLandscapeLeft UIInterfaceOrientationLandscapeRight";
				INFOPLIST_KEY_UISupportedInterfaceOrientations_iPhone = "UIInterfaceOrientationPortrait UIInterfaceOrientationLandscapeLeft UIInterfaceOrientationLandscapeRight";
				IPHONEOS_DEPLOYMENT_TARGET = 14.0;
				LD_RUNPATH_SEARCH_PATHS = (
					"$(inherited)",
					"@executable_path/Frameworks",
				);
				MARKETING_VERSION = 1.0;
				PRODUCT_BUNDLE_IDENTIFIER = com.ios.CustomSideMenu;
				PRODUCT_NAME = "$(TARGET_NAME)";
				SUPPORTED_PLATFORMS = "iphoneos iphonesimulator";
				SUPPORTS_MACCATALYST = NO;
				SUPPORTS_MAC_DESIGNED_FOR_IPHONE_IPAD = NO;
				SUPPORTS_XR_DESIGNED_FOR_IPHONE_IPAD = NO;
				SWIFT_EMIT_LOC_STRINGS = YES;
				SWIFT_VERSION = 5.0;
				TARGETED_DEVICE_FAMILY = "1,2";
			};
			name = Release;
		};
/* End XCBuildConfiguration section */

/* Begin XCConfigurationList section */
		21D0B3082BA837D400178C0C /* Build configuration list for PBXProject "CustomSideMenu" */ = {
			isa = XCConfigurationList;
			buildConfigurations = (
				21D0B31F2BA837D800178C0C /* Debug */,
				21D0B3202BA837D800178C0C /* Release */,
			);
			defaultConfigurationIsVisible = 0;
			defaultConfigurationName = Release;
		};
		21D0B3212BA837D800178C0C /* Build configuration list for PBXNativeTarget "CustomSideMenu" */ = {
			isa = XCConfigurationList;
			buildConfigurations = (
				21D0B3222BA837D800178C0C /* Debug */,
				21D0B3232BA837D800178C0C /* Release */,
			);
			defaultConfigurationIsVisible = 0;
			defaultConfigurationName = Release;
		};
/* End XCConfigurationList section */
	};
	rootObject = 21D0B3052BA837D400178C0C /* Project object */;
}
